
Microsoft Visual Studio Solution File, Format Version 12.00
# Visual Studio Version 17
VisualStudioVersion = 17.8.34525.116
MinimumVisualStudioVersion = 10.0.40219.1
Project("{FAE04EC0-301F-11D3-BF4B-00C04F79EFBC}") = "Tabuada", "Tabuada\Tabuada.csproj", "{441D85C9-E19C-445B-889B-2B146761F836}"
EndProject
Global
	GlobalSection(SolutionConfigurationPlatforms) = preSolution
		Debug|Any CPU = Debug|Any CPU
		Release|Any CPU = Release|Any CPU
	EndGlobalSection
	GlobalSection(ProjectConfigurationPlatforms) = postSolution
		{441D85C9-E19C-445B-889B-2B146761F836}.Debug|Any CPU.ActiveCfg = Debug|Any CPU
		{441D85C9-E19C-445B-889B-2B146761F836}.Debug|Any CPU.Build.0 = Debug|Any CPU
		{441D85C9-E19C-445B-889B-2B146761F836}.Release|Any CPU.ActiveCfg = Release|Any CPU
		{441D85C9-E19C-445B-889B-2B146761F836}.Release|Any CPU.Build.0 = Release|Any CPU
	EndGlobalSection
	GlobalSection(SolutionProperties) = preSolution
		HideSolutionNode = FALSE
	EndGlobalSection
	GlobalSection(ExtensibilityGlobals) = postSolution
		SolutionGuid = {DA4C9D85-CBC6-4315-9A2B-587609A1F749}
	EndGlobalSection
EndGlobal
